// !$*UTF8*$!
{
	archiveVersion = 1;
	classes = {
	};
	objectVersion = 50;
	objects = {

/* Begin PBXBuildFile section */
		414A9218221E01E9001983DA /* stdafx.cpp in Sources */ = {isa = PBXBuildFile; fileRef = 414A920D221E01E9001983DA /* stdafx.cpp */; };
		414A9219221E01E9001983DA /* Main.cpp in Sources */ = {isa = PBXBuildFile; fileRef = 414A920E221E01E9001983DA /* Main.cpp */; };
/* End PBXBuildFile section */

/* Begin PBXCopyFilesBuildPhase section */
		414A91FE221E01AE001983DA /* CopyFiles */ = {
			isa = PBXCopyFilesBuildPhase;
			buildActionMask = 2147483647;
			dstPath = /usr/share/man/man1/;
			dstSubfolderSpec = 0;
			files = (
			);
			runOnlyForDeploymentPostprocessing = 1;
		};
/* End PBXCopyFilesBuildPhase section */

/* Begin PBXFileReference section */
		414A9200221E01AE001983DA /* Comp371_A2 */ = {isa = PBXFileReference; explicitFileType = "compiled.mach-o.executable"; includeInIndex = 0; path = Comp371_A2; sourceTree = BUILT_PRODUCTS_DIR; };
		414A920A221E01E9001983DA /* cube.obj */ = {isa = PBXFileReference; fileEncoding = 4; lastKnownFileType = text; path = cube.obj; sourceTree = "<group>"; };
		414A920B221E01E9001983DA /* shaderloader.h */ = {isa = PBXFileReference; fileEncoding = 4; lastKnownFileType = sourcecode.c.h; path = shaderloader.h; sourceTree = "<group>"; };
		414A920C221E01E9001983DA /* stdafx.h */ = {isa = PBXFileReference; fileEncoding = 4; lastKnownFileType = sourcecode.c.h; path = stdafx.h; sourceTree = "<group>"; };
		414A920D221E01E9001983DA /* stdafx.cpp */ = {isa = PBXFileReference; fileEncoding = 4; lastKnownFileType = sourcecode.cpp.cpp; path = stdafx.cpp; sourceTree = "<group>"; };
		414A920E221E01E9001983DA /* Main.cpp */ = {isa = PBXFileReference; fileEncoding = 4; lastKnownFileType = sourcecode.cpp.cpp; path = Main.cpp; sourceTree = "<group>"; };
		414A920F221E01E9001983DA /* vertex.shader */ = {isa = PBXFileReference; fileEncoding = 4; lastKnownFileType = text; path = vertex.shader; sourceTree = "<group>"; };
		414A9210221E01E9001983DA /* glm */ = {isa = PBXFileReference; lastKnownFileType = folder; path = glm; sourceTree = "<group>"; };
		414A9211221E01E9001983DA /* glew */ = {isa = PBXFileReference; lastKnownFileType = folder; path = glew; sourceTree = "<group>"; };
		414A9212221E01E9001983DA /* cat.obj */ = {isa = PBXFileReference; fileEncoding = 4; lastKnownFileType = text; path = cat.obj; sourceTree = "<group>"; };
		414A9213221E01E9001983DA /* glfw */ = {isa = PBXFileReference; lastKnownFileType = folder; path = glfw; sourceTree = "<group>"; };
		414A9214221E01E9001983DA /* OBJloader.h */ = {isa = PBXFileReference; fileEncoding = 4; lastKnownFileType = sourcecode.c.h; path = OBJloader.h; sourceTree = "<group>"; };
		414A9215221E01E9001983DA /* fragment.shader */ = {isa = PBXFileReference; fileEncoding = 4; lastKnownFileType = text; path = fragment.shader; sourceTree = "<group>"; };
		414A9216221E01E9001983DA /* README.txt */ = {isa = PBXFileReference; fileEncoding = 4; lastKnownFileType = text; path = README.txt; sourceTree = "<group>"; };
		414A9217221E01E9001983DA /* targetver.h */ = {isa = PBXFileReference; fileEncoding = 4; lastKnownFileType = sourcecode.c.h; path = targetver.h; sourceTree = "<group>"; };
/* End PBXFileReference section */

/* Begin PBXFrameworksBuildPhase section */
		414A91FD221E01AE001983DA /* Frameworks */ = {
			isa = PBXFrameworksBuildPhase;
			buildActionMask = 2147483647;
			files = (
			);
			runOnlyForDeploymentPostprocessing = 0;
		};
/* End PBXFrameworksBuildPhase section */

/* Begin PBXGroup section */
		414A91F7221E01AE001983DA = {
			isa = PBXGroup;
			children = (
				414A9202221E01AE001983DA /* Comp371_A2 */,
				414A9201221E01AE001983DA /* Products */,
			);
			sourceTree = "<group>";
		};
		414A9201221E01AE001983DA /* Products */ = {
			isa = PBXGroup;
			children = (
				414A9200221E01AE001983DA /* Comp371_A2 */,
			);
			name = Products;
			sourceTree = "<group>";
		};
		414A9202221E01AE001983DA /* Comp371_A2 */ = {
			isa = PBXGroup;
			children = (
				414A9212221E01E9001983DA /* cat.obj */,
				414A920A221E01E9001983DA /* cube.obj */,
				414A9215221E01E9001983DA /* fragment.shader */,
				414A9211221E01E9001983DA /* glew */,
				414A9213221E01E9001983DA /* glfw */,
				414A9210221E01E9001983DA /* glm */,
				414A920E221E01E9001983DA /* Main.cpp */,
				414A9214221E01E9001983DA /* OBJloader.h */,
				414A9216221E01E9001983DA /* README.txt */,
				414A920B221E01E9001983DA /* shaderloader.h */,
				414A920D221E01E9001983DA /* stdafx.cpp */,
				414A920C221E01E9001983DA /* stdafx.h */,
				414A9217221E01E9001983DA /* targetver.h */,
				414A920F221E01E9001983DA /* vertex.shader */,
			);
			path = Comp371_A2;
			sourceTree = "<group>";
		};
/* End PBXGroup section */

/* Begin PBXNativeTarget section */
		414A91FF221E01AE001983DA /* Comp371_A2 */ = {
			isa = PBXNativeTarget;
			buildConfigurationList = 414A9207221E01AE001983DA /* Build configuration list for PBXNativeTarget "Comp371_A2" */;
			buildPhases = (
				414A91FC221E01AE001983DA /* Sources */,
				414A91FD221E01AE001983DA /* Frameworks */,
				414A91FE221E01AE001983DA /* CopyFiles */,
			);
			buildRules = (
			);
			dependencies = (
			);
			name = Comp371_A2;
			productName = Comp371_A2;
			productReference = 414A9200221E01AE001983DA /* Comp371_A2 */;
			productType = "com.apple.product-type.tool";
		};
/* End PBXNativeTarget section */

/* Begin PBXProject section */
		414A91F8221E01AE001983DA /* Project object */ = {
			isa = PBXProject;
			attributes = {
				LastUpgradeCheck = 1010;
				ORGANIZATIONNAME = "Natalia Whiteley";
				TargetAttributes = {
					414A91FF221E01AE001983DA = {
						CreatedOnToolsVersion = 10.1;
					};
				};
			};
			buildConfigurationList = 414A91FB221E01AE001983DA /* Build configuration list for PBXProject "Comp371_A2" */;
			compatibilityVersion = "Xcode 9.3";
			developmentRegion = en;
			hasScannedForEncodings = 0;
			knownRegions = (
				en,
			);
			mainGroup = 414A91F7221E01AE001983DA;
			productRefGroup = 414A9201221E01AE001983DA /* Products */;
			projectDirPath = "";
			projectRoot = "";
			targets = (
				414A91FF221E01AE001983DA /* Comp371_A2 */,
			);
		};
/* End PBXProject section */

/* Begin PBXSourcesBuildPhase section */
		414A91FC221E01AE001983DA /* Sources */ = {
			isa = PBXSourcesBuildPhase;
			buildActionMask = 2147483647;
			files = (
				414A9219221E01E9001983DA /* Main.cpp in Sources */,
				414A9218221E01E9001983DA /* stdafx.cpp in Sources */,
			);
			runOnlyForDeploymentPostprocessing = 0;
		};
/* End PBXSourcesBuildPhase section */

/* Begin XCBuildConfiguration section */
		414A9205221E01AE001983DA /* Debug */ = {
			isa = XCBuildConfiguration;
			buildSettings = {
				ALWAYS_SEARCH_USER_PATHS = NO;
				CLANG_ANALYZER_NONNULL = YES;
				CLANG_ANALYZER_NUMBER_OBJECT_CONVERSION = YES_AGGRESSIVE;
				CLANG_CXX_LANGUAGE_STANDARD = "gnu++14";
				CLANG_CXX_LIBRARY = "libc++";
				CLANG_ENABLE_MODULES = YES;
				CLANG_ENABLE_OBJC_ARC = YES;
				CLANG_ENABLE_OBJC_WEAK = YES;
				CLANG_WARN_BLOCK_CAPTURE_AUTORELEASING = YES;
				CLANG_WARN_BOOL_CONVERSION = YES;
				CLANG_WARN_COMMA = YES;
				CLANG_WARN_CONSTANT_CONVERSION = YES;
				CLANG_WARN_DEPRECATED_OBJC_IMPLEMENTATIONS = YES;
				CLANG_WARN_DIRECT_OBJC_ISA_USAGE = YES_ERROR;
				CLANG_WARN_DOCUMENTATION_COMMENTS = YES;
				CLANG_WARN_EMPTY_BODY = YES;
				CLANG_WARN_ENUM_CONVERSION = YES;
				CLANG_WARN_INFINITE_RECURSION = YES;
				CLANG_WARN_INT_CONVERSION = YES;
				CLANG_WARN_NON_LITERAL_NULL_CONVERSION = YES;
				CLANG_WARN_OBJC_IMPLICIT_RETAIN_SELF = YES;
				CLANG_WARN_OBJC_LITERAL_CONVERSION = YES;
				CLANG_WARN_OBJC_ROOT_CLASS = YES_ERROR;
				CLANG_WARN_RANGE_LOOP_ANALYSIS = YES;
				CLANG_WARN_STRICT_PROTOTYPES = YES;
				CLANG_WARN_SUSPICIOUS_MOVE = YES;
				CLANG_WARN_UNGUARDED_AVAILABILITY = YES_AGGRESSIVE;
				CLANG_WARN_UNREACHABLE_CODE = YES;
				CLANG_WARN__DUPLICATE_METHOD_MATCH = YES;
				CODE_SIGN_IDENTITY = "-";
				COPY_PHASE_STRIP = NO;
				DEBUG_INFORMATION_FORMAT = dwarf;
				ENABLE_STRICT_OBJC_MSGSEND = YES;
				ENABLE_TESTABILITY = YES;
				GCC_C_LANGUAGE_STANDARD = gnu11;
				GCC_DYNAMIC_NO_PIC = NO;
				GCC_NO_COMMON_BLOCKS = YES;
				GCC_OPTIMIZATION_LEVEL = 0;
				GCC_PREPROCESSOR_DEFINITIONS = (
					"DEBUG=1",
					"$(inherited)",
				);
				GCC_WARN_64_TO_32_BIT_CONVERSION = YES;
				GCC_WARN_ABOUT_RETURN_TYPE = YES_ERROR;
				GCC_WARN_UNDECLARED_SELECTOR = YES;
				GCC_WARN_UNINITIALIZED_AUTOS = YES_AGGRESSIVE;
				GCC_WARN_UNUSED_FUNCTION = YES;
				GCC_WARN_UNUSED_VARIABLE = YES;
				MACOSX_DEPLOYMENT_TARGET = 10.14;
				MTL_ENABLE_DEBUG_INFO = INCLUDE_SOURCE;
				MTL_FAST_MATH = YES;
				ONLY_ACTIVE_ARCH = YES;
				SDKROOT = macosx;
			};
			name = Debug;
		};
		414A9206221E01AE001983DA /* Release */ = {
			isa = XCBuildConfiguration;
			buildSettings = {
				ALWAYS_SEARCH_USER_PATHS = NO;
				CLANG_ANALYZER_NONNULL = YES;
				CLANG_ANALYZER_NUMBER_OBJECT_CONVERSION = YES_AGGRESSIVE;
				CLANG_CXX_LANGUAGE_STANDARD = "gnu++14";
				CLANG_CXX_LIBRARY = "libc++";
				CLANG_ENABLE_MODULES = YES;
				CLANG_ENABLE_OBJC_ARC = YES;
				CLANG_ENABLE_OBJC_WEAK = YES;
				CLANG_WARN_BLOCK_CAPTURE_AUTORELEASING = YES;
				CLANG_WARN_BOOL_CONVERSION = YES;
				CLANG_WARN_COMMA = YES;
				CLANG_WARN_CONSTANT_CONVERSION = YES;
				CLANG_WARN_DEPRECATED_OBJC_IMPLEMENTATIONS = YES;
				CLANG_WARN_DIRECT_OBJC_ISA_USAGE = YES_ERROR;
				CLANG_WARN_DOCUMENTATION_COMMENTS = YES;
				CLANG_WARN_EMPTY_BODY = YES;
				CLANG_WARN_ENUM_CONVERSION = YES;
				CLANG_WARN_INFINITE_RECURSION = YES;
				CLANG_WARN_INT_CONVERSION = YES;
				CLANG_WARN_NON_LITERAL_NULL_CONVERSION = YES;
				CLANG_WARN_OBJC_IMPLICIT_RETAIN_SELF = YES;
				CLANG_WARN_OBJC_LITERAL_CONVERSION = YES;
				CLANG_WARN_OBJC_ROOT_CLASS = YES_ERROR;
				CLANG_WARN_RANGE_LOOP_ANALYSIS = YES;
				CLANG_WARN_STRICT_PROTOTYPES = YES;
				CLANG_WARN_SUSPICIOUS_MOVE = YES;
				CLANG_WARN_UNGUARDED_AVAILABILITY = YES_AGGRESSIVE;
				CLANG_WARN_UNREACHABLE_CODE = YES;
				CLANG_WARN__DUPLICATE_METHOD_MATCH = YES;
				CODE_SIGN_IDENTITY = "-";
				COPY_PHASE_STRIP = NO;
				DEBUG_INFORMATION_FORMAT = "dwarf-with-dsym";
				ENABLE_NS_ASSERTIONS = NO;
				ENABLE_STRICT_OBJC_MSGSEND = YES;
				GCC_C_LANGUAGE_STANDARD = gnu11;
				GCC_NO_COMMON_BLOCKS = YES;
				GCC_WARN_64_TO_32_BIT_CONVERSION = YES;
				GCC_WARN_ABOUT_RETURN_TYPE = YES_ERROR;
				GCC_WARN_UNDECLARED_SELECTOR = YES;
				GCC_WARN_UNINITIALIZED_AUTOS = YES_AGGRESSIVE;
				GCC_WARN_UNUSED_FUNCTION = YES;
				GCC_WARN_UNUSED_VARIABLE = YES;
				MACOSX_DEPLOYMENT_TARGET = 10.14;
				MTL_ENABLE_DEBUG_INFO = NO;
				MTL_FAST_MATH = YES;
				SDKROOT = macosx;
			};
			name = Release;
		};
		414A9208221E01AE001983DA /* Debug */ = {
			isa = XCBuildConfiguration;
			buildSettings = {
				CODE_SIGN_STYLE = Automatic;
				PRODUCT_NAME = "$(TARGET_NAME)";
			};
			name = Debug;
		};
		414A9209221E01AE001983DA /* Release */ = {
			isa = XCBuildConfiguration;
			buildSettings = {
				CODE_SIGN_STYLE = Automatic;
				PRODUCT_NAME = "$(TARGET_NAME)";
			};
			name = Release;
		};
/* End XCBuildConfiguration section */

/* Begin XCConfigurationList section */
		414A91FB221E01AE001983DA /* Build configuration list for PBXProject "Comp371_A2" */ = {
			isa = XCConfigurationList;
			buildConfigurations = (
				414A9205221E01AE001983DA /* Debug */,
				414A9206221E01AE001983DA /* Release */,
			);
			defaultConfigurationIsVisible = 0;
			defaultConfigurationName = Release;
		};
		414A9207221E01AE001983DA /* Build configuration list for PBXNativeTarget "Comp371_A2" */ = {
			isa = XCConfigurationList;
			buildConfigurations = (
				414A9208221E01AE001983DA /* Debug */,
				414A9209221E01AE001983DA /* Release */,
			);
			defaultConfigurationIsVisible = 0;
			defaultConfigurationName = Release;
		};
/* End XCConfigurationList section */
	};
	rootObject = 414A91F8221E01AE001983DA /* Project object */;
}
